// !$*UTF8*$!
{
	archiveVersion = 1;
	classes = {
	};
	objectVersion = 56;
	objects = {

/* Begin PBXBuildFile section */
		4F4BCD452ABEF40400943FF3 /* libsfml-network.2.6.0.dylib in Frameworks */ = {isa = PBXBuildFile; fileRef = 4F4BCD402ABEF40300943FF3 /* libsfml-network.2.6.0.dylib */; };
		4F4BCD462ABEF40400943FF3 /* libsfml-system.2.6.0.dylib in Frameworks */ = {isa = PBXBuildFile; fileRef = 4F4BCD412ABEF40400943FF3 /* libsfml-system.2.6.0.dylib */; };
		4F4BCD472ABEF40400943FF3 /* libsfml-window.2.6.0.dylib in Frameworks */ = {isa = PBXBuildFile; fileRef = 4F4BCD422ABEF40400943FF3 /* libsfml-window.2.6.0.dylib */; };
		4F4BCD482ABEF40400943FF3 /* libsfml-audio.2.6.0.dylib in Frameworks */ = {isa = PBXBuildFile; fileRef = 4F4BCD432ABEF40400943FF3 /* libsfml-audio.2.6.0.dylib */; };
		4F4BCD492ABEF40400943FF3 /* libsfml-graphics.2.6.0.dylib in Frameworks */ = {isa = PBXBuildFile; fileRef = 4F4BCD442ABEF40400943FF3 /* libsfml-graphics.2.6.0.dylib */; };
		4FB208E32ABEF35D0010FFE6 /* main.cpp in Sources */ = {isa = PBXBuildFile; fileRef = 4FB208E22ABEF35D0010FFE6 /* main.cpp */; };
/* End PBXBuildFile section */

/* Begin PBXCopyFilesBuildPhase section */
		4FB208DD2ABEF35D0010FFE6 /* CopyFiles */ = {
			isa = PBXCopyFilesBuildPhase;
			buildActionMask = 2147483647;
			dstPath = /usr/share/man/man1/;
			dstSubfolderSpec = 0;
			files = (
			);
			runOnlyForDeploymentPostprocessing = 1;
		};
/* End PBXCopyFilesBuildPhase section */

/* Begin PBXFileReference section */
		4F4BCD402ABEF40300943FF3 /* libsfml-network.2.6.0.dylib */ = {isa = PBXFileReference; lastKnownFileType = "compiled.mach-o.dylib"; name = "libsfml-network.2.6.0.dylib"; path = "../External_Libraries/SFMLraw/lib/libsfml-network.2.6.0.dylib"; sourceTree = "<group>"; };
		4F4BCD412ABEF40400943FF3 /* libsfml-system.2.6.0.dylib */ = {isa = PBXFileReference; lastKnownFileType = "compiled.mach-o.dylib"; name = "libsfml-system.2.6.0.dylib"; path = "../External_Libraries/SFMLraw/lib/libsfml-system.2.6.0.dylib"; sourceTree = "<group>"; };
		4F4BCD422ABEF40400943FF3 /* libsfml-window.2.6.0.dylib */ = {isa = PBXFileReference; lastKnownFileType = "compiled.mach-o.dylib"; name = "libsfml-window.2.6.0.dylib"; path = "../External_Libraries/SFMLraw/lib/libsfml-window.2.6.0.dylib"; sourceTree = "<group>"; };
		4F4BCD432ABEF40400943FF3 /* libsfml-audio.2.6.0.dylib */ = {isa = PBXFileReference; lastKnownFileType = "compiled.mach-o.dylib"; name = "libsfml-audio.2.6.0.dylib"; path = "../External_Libraries/SFMLraw/lib/libsfml-audio.2.6.0.dylib"; sourceTree = "<group>"; };
		4F4BCD442ABEF40400943FF3 /* libsfml-graphics.2.6.0.dylib */ = {isa = PBXFileReference; lastKnownFileType = "compiled.mach-o.dylib"; name = "libsfml-graphics.2.6.0.dylib"; path = "../External_Libraries/SFMLraw/lib/libsfml-graphics.2.6.0.dylib"; sourceTree = "<group>"; };
		4FB208DF2ABEF35D0010FFE6 /* Ch3 */ = {isa = PBXFileReference; explicitFileType = "compiled.mach-o.executable"; includeInIndex = 0; path = Ch3; sourceTree = BUILT_PRODUCTS_DIR; };
		4FB208E22ABEF35D0010FFE6 /* main.cpp */ = {isa = PBXFileReference; lastKnownFileType = sourcecode.cpp.cpp; path = main.cpp; sourceTree = "<group>"; };
/* End PBXFileReference section */

/* Begin PBXFrameworksBuildPhase section */
		4FB208DC2ABEF35D0010FFE6 /* Frameworks */ = {
			isa = PBXFrameworksBuildPhase;
			buildActionMask = 2147483647;
			files = (
				4F4BCD452ABEF40400943FF3 /* libsfml-network.2.6.0.dylib in Frameworks */,
				4F4BCD462ABEF40400943FF3 /* libsfml-system.2.6.0.dylib in Frameworks */,
				4F4BCD472ABEF40400943FF3 /* libsfml-window.2.6.0.dylib in Frameworks */,
				4F4BCD482ABEF40400943FF3 /* libsfml-audio.2.6.0.dylib in Frameworks */,
				4F4BCD492ABEF40400943FF3 /* libsfml-graphics.2.6.0.dylib in Frameworks */,
			);
			runOnlyForDeploymentPostprocessing = 0;
		};
/* End PBXFrameworksBuildPhase section */

/* Begin PBXGroup section */
		4F4BCD3F2ABEF40300943FF3 /* Frameworks */ = {
			isa = PBXGroup;
			children = (
				4F4BCD432ABEF40400943FF3 /* libsfml-audio.2.6.0.dylib */,
				4F4BCD442ABEF40400943FF3 /* libsfml-graphics.2.6.0.dylib */,
				4F4BCD402ABEF40300943FF3 /* libsfml-network.2.6.0.dylib */,
				4F4BCD412ABEF40400943FF3 /* libsfml-system.2.6.0.dylib */,
				4F4BCD422ABEF40400943FF3 /* libsfml-window.2.6.0.dylib */,
			);
			name = Frameworks;
			sourceTree = "<group>";
		};
		4FB208D62ABEF35D0010FFE6 = {
			isa = PBXGroup;
			children = (
				4FB208E12ABEF35D0010FFE6 /* Ch3 */,
				4FB208E02ABEF35D0010FFE6 /* Products */,
				4F4BCD3F2ABEF40300943FF3 /* Frameworks */,
			);
			sourceTree = "<group>";
		};
		4FB208E02ABEF35D0010FFE6 /* Products */ = {
			isa = PBXGroup;
			children = (
				4FB208DF2ABEF35D0010FFE6 /* Ch3 */,
			);
			name = Products;
			sourceTree = "<group>";
		};
		4FB208E12ABEF35D0010FFE6 /* Ch3 */ = {
			isa = PBXGroup;
			children = (
				4FB208E22ABEF35D0010FFE6 /* main.cpp */,
			);
			path = Ch3;
			sourceTree = "<group>";
		};
/* End PBXGroup section */

/* Begin PBXNativeTarget section */
		4FB208DE2ABEF35D0010FFE6 /* Ch3 */ = {
			isa = PBXNativeTarget;
			buildConfigurationList = 4FB208E62ABEF35D0010FFE6 /* Build configuration list for PBXNativeTarget "Ch3" */;
			buildPhases = (
				4FB208DB2ABEF35D0010FFE6 /* Sources */,
				4FB208DC2ABEF35D0010FFE6 /* Frameworks */,
				4FB208DD2ABEF35D0010FFE6 /* CopyFiles */,
			);
			buildRules = (
			);
			dependencies = (
			);
			name = Ch3;
			productName = Ch3;
			productReference = 4FB208DF2ABEF35D0010FFE6 /* Ch3 */;
			productType = "com.apple.product-type.tool";
		};
/* End PBXNativeTarget section */

/* Begin PBXProject section */
		4FB208D72ABEF35D0010FFE6 /* Project object */ = {
			isa = PBXProject;
			attributes = {
				BuildIndependentTargetsInParallel = 1;
				LastUpgradeCheck = 1430;
				TargetAttributes = {
					4FB208DE2ABEF35D0010FFE6 = {
						CreatedOnToolsVersion = 14.3.1;
					};
				};
			};
			buildConfigurationList = 4FB208DA2ABEF35D0010FFE6 /* Build configuration list for PBXProject "Ch3" */;
			compatibilityVersion = "Xcode 14.0";
			developmentRegion = en;
			hasScannedForEncodings = 0;
			knownRegions = (
				en,
				Base,
			);
			mainGroup = 4FB208D62ABEF35D0010FFE6;
			productRefGroup = 4FB208E02ABEF35D0010FFE6 /* Products */;
			projectDirPath = "";
			projectRoot = "";
			targets = (
				4FB208DE2ABEF35D0010FFE6 /* Ch3 */,
			);
		};
/* End PBXProject section */

/* Begin PBXSourcesBuildPhase section */
		4FB208DB2ABEF35D0010FFE6 /* Sources */ = {
			isa = PBXSourcesBuildPhase;
			buildActionMask = 2147483647;
			files = (
				4FB208E32ABEF35D0010FFE6 /* main.cpp in Sources */,
			);
			runOnlyForDeploymentPostprocessing = 0;
		};
/* End PBXSourcesBuildPhase section */

/* Begin XCBuildConfiguration section */
		4FB208E42ABEF35D0010FFE6 /* Debug */ = {
			isa = XCBuildConfiguration;
			buildSettings = {
				ALWAYS_SEARCH_USER_PATHS = NO;
				CLANG_ANALYZER_NONNULL = YES;
				CLANG_ANALYZER_NUMBER_OBJECT_CONVERSION = YES_AGGRESSIVE;
				CLANG_CXX_LANGUAGE_STANDARD = "gnu++20";
				CLANG_ENABLE_MODULES = YES;
				CLANG_ENABLE_OBJC_ARC = YES;
				CLANG_ENABLE_OBJC_WEAK = YES;
				CLANG_WARN_BLOCK_CAPTURE_AUTORELEASING = YES;
				CLANG_WARN_BOOL_CONVERSION = YES;
				CLANG_WARN_COMMA = YES;
				CLANG_WARN_CONSTANT_CONVERSION = YES;
				CLANG_WARN_DEPRECATED_OBJC_IMPLEMENTATIONS = YES;
				CLANG_WARN_DIRECT_OBJC_ISA_USAGE = YES_ERROR;
				CLANG_WARN_DOCUMENTATION_COMMENTS = YES;
				CLANG_WARN_EMPTY_BODY = YES;
				CLANG_WARN_ENUM_CONVERSION = YES;
				CLANG_WARN_INFINITE_RECURSION = YES;
				CLANG_WARN_INT_CONVERSION = YES;
				CLANG_WARN_NON_LITERAL_NULL_CONVERSION = YES;
				CLANG_WARN_OBJC_IMPLICIT_RETAIN_SELF = YES;
				CLANG_WARN_OBJC_LITERAL_CONVERSION = YES;
				CLANG_WARN_OBJC_ROOT_CLASS = YES_ERROR;
				CLANG_WARN_QUOTED_INCLUDE_IN_FRAMEWORK_HEADER = YES;
				CLANG_WARN_RANGE_LOOP_ANALYSIS = YES;
				CLANG_WARN_STRICT_PROTOTYPES = YES;
				CLANG_WARN_SUSPICIOUS_MOVE = YES;
				CLANG_WARN_UNGUARDED_AVAILABILITY = YES_AGGRESSIVE;
				CLANG_WARN_UNREACHABLE_CODE = YES;
				CLANG_WARN__DUPLICATE_METHOD_MATCH = YES;
				COPY_PHASE_STRIP = NO;
				DEBUG_INFORMATION_FORMAT = dwarf;
				ENABLE_STRICT_OBJC_MSGSEND = YES;
				ENABLE_TESTABILITY = YES;
				GCC_C_LANGUAGE_STANDARD = gnu11;
				GCC_DYNAMIC_NO_PIC = NO;
				GCC_NO_COMMON_BLOCKS = YES;
				GCC_OPTIMIZATION_LEVEL = 0;
				GCC_PREPROCESSOR_DEFINITIONS = (
					"DEBUG=1",
					"$(inherited)",
				);
				GCC_WARN_64_TO_32_BIT_CONVERSION = YES;
				GCC_WARN_ABOUT_RETURN_TYPE = YES_ERROR;
				GCC_WARN_UNDECLARED_SELECTOR = YES;
				GCC_WARN_UNINITIALIZED_AUTOS = YES_AGGRESSIVE;
				GCC_WARN_UNUSED_FUNCTION = YES;
				GCC_WARN_UNUSED_VARIABLE = YES;
				MACOSX_DEPLOYMENT_TARGET = 13.3;
				MTL_ENABLE_DEBUG_INFO = INCLUDE_SOURCE;
				MTL_FAST_MATH = YES;
				ONLY_ACTIVE_ARCH = YES;
				SDKROOT = macosx;
			};
			name = Debug;
		};
		4FB208E52ABEF35D0010FFE6 /* Release */ = {
			isa = XCBuildConfiguration;
			buildSettings = {
				ALWAYS_SEARCH_USER_PATHS = NO;
				CLANG_ANALYZER_NONNULL = YES;
				CLANG_ANALYZER_NUMBER_OBJECT_CONVERSION = YES_AGGRESSIVE;
				CLANG_CXX_LANGUAGE_STANDARD = "gnu++20";
				CLANG_ENABLE_MODULES = YES;
				CLANG_ENABLE_OBJC_ARC = YES;
				CLANG_ENABLE_OBJC_WEAK = YES;
				CLANG_WARN_BLOCK_CAPTURE_AUTORELEASING = YES;
				CLANG_WARN_BOOL_CONVERSION = YES;
				CLANG_WARN_COMMA = YES;
				CLANG_WARN_CONSTANT_CONVERSION = YES;
				CLANG_WARN_DEPRECATED_OBJC_IMPLEMENTATIONS = YES;
				CLANG_WARN_DIRECT_OBJC_ISA_USAGE = YES_ERROR;
				CLANG_WARN_DOCUMENTATION_COMMENTS = YES;
				CLANG_WARN_EMPTY_BODY = YES;
				CLANG_WARN_ENUM_CONVERSION = YES;
				CLANG_WARN_INFINITE_RECURSION = YES;
				CLANG_WARN_INT_CONVERSION = YES;
				CLANG_WARN_NON_LITERAL_NULL_CONVERSION = YES;
				CLANG_WARN_OBJC_IMPLICIT_RETAIN_SELF = YES;
				CLANG_WARN_OBJC_LITERAL_CONVERSION = YES;
				CLANG_WARN_OBJC_ROOT_CLASS = YES_ERROR;
				CLANG_WARN_QUOTED_INCLUDE_IN_FRAMEWORK_HEADER = YES;
				CLANG_WARN_RANGE_LOOP_ANALYSIS = YES;
				CLANG_WARN_STRICT_PROTOTYPES = YES;
				CLANG_WARN_SUSPICIOUS_MOVE = YES;
				CLANG_WARN_UNGUARDED_AVAILABILITY = YES_AGGRESSIVE;
				CLANG_WARN_UNREACHABLE_CODE = YES;
				CLANG_WARN__DUPLICATE_METHOD_MATCH = YES;
				COPY_PHASE_STRIP = NO;
				DEBUG_INFORMATION_FORMAT = "dwarf-with-dsym";
				ENABLE_NS_ASSERTIONS = NO;
				ENABLE_STRICT_OBJC_MSGSEND = YES;
				GCC_C_LANGUAGE_STANDARD = gnu11;
				GCC_NO_COMMON_BLOCKS = YES;
				GCC_WARN_64_TO_32_BIT_CONVERSION = YES;
				GCC_WARN_ABOUT_RETURN_TYPE = YES_ERROR;
				GCC_WARN_UNDECLARED_SELECTOR = YES;
				GCC_WARN_UNINITIALIZED_AUTOS = YES_AGGRESSIVE;
				GCC_WARN_UNUSED_FUNCTION = YES;
				GCC_WARN_UNUSED_VARIABLE = YES;
				MACOSX_DEPLOYMENT_TARGET = 13.3;
				MTL_ENABLE_DEBUG_INFO = NO;
				MTL_FAST_MATH = YES;
				SDKROOT = macosx;
			};
			name = Release;
		};
		4FB208E72ABEF35D0010FFE6 /* Debug */ = {
			isa = XCBuildConfiguration;
			buildSettings = {
				CODE_SIGN_STYLE = Automatic;
				HEADER_SEARCH_PATHS = "\"/Users/samcho/Desktop/SFMLGameDev/External_Libraries/SFMLraw/include\"";
				LIBRARY_SEARCH_PATHS = "\"/Users/samcho/Desktop/SFMLGameDev/External_Libraries/SFMLraw/lib\"";
				PRODUCT_NAME = "$(TARGET_NAME)";
			};
			name = Debug;
		};
		4FB208E82ABEF35D0010FFE6 /* Release */ = {
			isa = XCBuildConfiguration;
			buildSettings = {
				CODE_SIGN_STYLE = Automatic;
				HEADER_SEARCH_PATHS = "\"/Users/samcho/Desktop/SFMLGameDev/External_Libraries/SFMLraw/include\"";
				LIBRARY_SEARCH_PATHS = "\"/Users/samcho/Desktop/SFMLGameDev/External_Libraries/SFMLraw/lib\"";
				PRODUCT_NAME = "$(TARGET_NAME)";
			};
			name = Release;
		};
/* End XCBuildConfiguration section */

/* Begin XCConfigurationList section */
		4FB208DA2ABEF35D0010FFE6 /* Build configuration list for PBXProject "Ch3" */ = {
			isa = XCConfigurationList;
			buildConfigurations = (
				4FB208E42ABEF35D0010FFE6 /* Debug */,
				4FB208E52ABEF35D0010FFE6 /* Release */,
			);
			defaultConfigurationIsVisible = 0;
			defaultConfigurationName = Release;
		};
		4FB208E62ABEF35D0010FFE6 /* Build configuration list for PBXNativeTarget "Ch3" */ = {
			isa = XCConfigurationList;
			buildConfigurations = (
				4FB208E72ABEF35D0010FFE6 /* Debug */,
				4FB208E82ABEF35D0010FFE6 /* Release */,
			);
			defaultConfigurationIsVisible = 0;
			defaultConfigurationName = Release;
		};
/* End XCConfigurationList section */
	};
	rootObject = 4FB208D72ABEF35D0010FFE6 /* Project object */;
}
